# This file is automatically @generated by Poetry 1.5.1 and should not be changed by hand.

[[package]]
name = "schedule"
version = "1.2.0"
description = "Job scheduling for humans."
optional = false
python-versions = ">=3.7"
files = [
    {file = "schedule-1.2.0-py2.py3-none-any.whl", hash = "sha256:415908febaba0bc9a7c727a32efb407d646fe994367ef9157d123aabbe539ea8"},
    {file = "schedule-1.2.0.tar.gz", hash = "sha256:b4ad697aafba7184c9eb6a1e2ebc41f781547242acde8ceae9a0a25b04c0922d"},
]

[metadata]
lock-version = "2.0"
python-versions = "^3.11"
content-hash = "c8ab7bee2ffcde3ecaea58fd3581cfcd09defdb89f8d22943dc4a158fe1f187f"
